# @generated - this file is auto-generated by `mise lock` https://mise.en.dev/dev-tools/mise-lock.html

[[tools."aqua:golangci-lint"]]
version = "v2.12.2"
backend = "aqua:golangci-lint"

[tools."aqua:golangci-lint"."platforms.linux-arm64"]
checksum = "sha256:44cd40a8c76c86755375adfeea52cfd3533cb43d7bd647771e0ae065e166df3a"
url = "https://github.com/golangci/golangci-lint/releases/download/v2.12.2/golangci-lint-2.12.2-linux-arm64.tar.gz"
provenance = "github-attestations"

[tools."aqua:golangci-lint"."platforms.linux-arm64-musl"]
checksum = "sha256:44cd40a8c76c86755375adfeea52cfd3533cb43d7bd647771e0ae065e166df3a"
url = "https://github.com/golangci/golangci-lint/releases/download/v2.12.2/golangci-lint-2.12.2-linux-arm64.tar.gz"
provenance = "github-attestations"

[tools."aqua:golangci-lint"."platforms.linux-x64"]
checksum = "sha256:8df580d2670fed8fa984aac0507099af8df275e665215f5c7a2ae3943893a553"
url = "https://github.com/golangci/golangci-lint/releases/download/v2.12.2/golangci-lint-2.12.2-linux-amd64.tar.gz"
provenance = "github-attestations"

[tools."aqua:golangci-lint"."platforms.linux-x64-musl"]
checksum = "sha256:8df580d2670fed8fa984aac0507099af8df275e665215f5c7a2ae3943893a553"
url = "https://github.com/golangci/golangci-lint/releases/download/v2.12.2/golangci-lint-2.12.2-linux-amd64.tar.gz"
provenance = "github-attestations"

[tools."aqua:golangci-lint"."platforms.macos-arm64"]
checksum = "sha256:a9c54498731b3128f79e090be6110f3e5fffccc617b08142ed244d4126c73f29"
url = "https://github.com/golangci/golangci-lint/releases/download/v2.12.2/golangci-lint-2.12.2-darwin-arm64.tar.gz"
provenance = "github-attestations"

[tools."aqua:golangci-lint"."platforms.macos-x64"]
checksum = "sha256:f6f06d94b6241521c53d15450c5209b028270bf966f842afb11c030c79f5bc16"
url = "https://github.com/golangci/golangci-lint/releases/download/v2.12.2/golangci-lint-2.12.2-darwin-amd64.tar.gz"
provenance = "github-attestations"

[tools."aqua:golangci-lint"."platforms.windows-x64"]
checksum = "sha256:bd42e3ebc8cb4ececb86941983baaf1dc221bbb04d838e94ce63b49cc91e02bb"
url = "https://github.com/golangci/golangci-lint/releases/download/v2.12.2/golangci-lint-2.12.2-windows-amd64.zip"
provenance = "github-attestations"
